
Microsoft Visual Studio Solution File, Format Version 12.00
# Visual Studio Version 16
VisualStudioVersion = 16.0.30517.126
MinimumVisualStudioVersion = 10.0.40219.1
Project("{9A19103F-16F7-4668-BE54-9A1E7A4F7556}") = "BucuriaDarului.Web", "BucuriaDarului.Web\BucuriaDarului.Web.csproj", "{B5CCFDFC-F3A4-4730-BBB3-3CA9B0896679}"
EndProject
Project("{FAE04EC0-301F-11D3-BF4B-00C04F79EFBC}") = "BackupDatabaseApp", "DatabaseApp\BackupDatabaseApp.csproj", "{C31EA082-894B-451C-AC6E-C34C6D91FC6E}"
EndProject
Project("{9A19103F-16F7-4668-BE54-9A1E7A4F7556}") = "BucuriaDarului.Contexts", "BucuriaDarului.Contexts\BucuriaDarului.Contexts.csproj", "{6FD358C1-0799-4A6F-B283-A6B237F3B6A5}"
EndProject
Project("{9A19103F-16F7-4668-BE54-9A1E7A4F7556}") = "BucuriaDarului.Core", "BucuriaDarului.Core\BucuriaDarului.Core.csproj", "{242F16C9-9FF0-4E2F-AD37-C507574B5794}"
EndProject
Project("{9A19103F-16F7-4668-BE54-9A1E7A4F7556}") = "BucuriaDarului.Gateway", "BucuriaDarului.Gateway\BucuriaDarului.Gateway.csproj", "{379B0406-6A68-4625-A894-E4B40E5CDD74}"
EndProject
Global
	GlobalSection(SolutionConfigurationPlatforms) = preSolution
		Debug|Any CPU = Debug|Any CPU
		Release|Any CPU = Release|Any CPU
	EndGlobalSection
	GlobalSection(ProjectConfigurationPlatforms) = postSolution
		{B5CCFDFC-F3A4-4730-BBB3-3CA9B0896679}.Debug|Any CPU.ActiveCfg = Debug|Any CPU
		{B5CCFDFC-F3A4-4730-BBB3-3CA9B0896679}.Debug|Any CPU.Build.0 = Debug|Any CPU
		{B5CCFDFC-F3A4-4730-BBB3-3CA9B0896679}.Release|Any CPU.ActiveCfg = Release|Any CPU
		{B5CCFDFC-F3A4-4730-BBB3-3CA9B0896679}.Release|Any CPU.Build.0 = Release|Any CPU
		{C31EA082-894B-451C-AC6E-C34C6D91FC6E}.Debug|Any CPU.ActiveCfg = Debug|Any CPU
		{C31EA082-894B-451C-AC6E-C34C6D91FC6E}.Debug|Any CPU.Build.0 = Debug|Any CPU
		{C31EA082-894B-451C-AC6E-C34C6D91FC6E}.Release|Any CPU.ActiveCfg = Release|Any CPU
		{C31EA082-894B-451C-AC6E-C34C6D91FC6E}.Release|Any CPU.Build.0 = Release|Any CPU
		{6FD358C1-0799-4A6F-B283-A6B237F3B6A5}.Debug|Any CPU.ActiveCfg = Debug|Any CPU
		{6FD358C1-0799-4A6F-B283-A6B237F3B6A5}.Debug|Any CPU.Build.0 = Debug|Any CPU
		{6FD358C1-0799-4A6F-B283-A6B237F3B6A5}.Release|Any CPU.ActiveCfg = Release|Any CPU
		{6FD358C1-0799-4A6F-B283-A6B237F3B6A5}.Release|Any CPU.Build.0 = Release|Any CPU
		{242F16C9-9FF0-4E2F-AD37-C507574B5794}.Debug|Any CPU.ActiveCfg = Debug|Any CPU
		{242F16C9-9FF0-4E2F-AD37-C507574B5794}.Debug|Any CPU.Build.0 = Debug|Any CPU
		{242F16C9-9FF0-4E2F-AD37-C507574B5794}.Release|Any CPU.ActiveCfg = Release|Any CPU
		{242F16C9-9FF0-4E2F-AD37-C507574B5794}.Release|Any CPU.Build.0 = Release|Any CPU
		{379B0406-6A68-4625-A894-E4B40E5CDD74}.Debug|Any CPU.ActiveCfg = Debug|Any CPU
		{379B0406-6A68-4625-A894-E4B40E5CDD74}.Debug|Any CPU.Build.0 = Debug|Any CPU
		{379B0406-6A68-4625-A894-E4B40E5CDD74}.Release|Any CPU.ActiveCfg = Release|Any CPU
		{379B0406-6A68-4625-A894-E4B40E5CDD74}.Release|Any CPU.Build.0 = Release|Any CPU
	EndGlobalSection
	GlobalSection(SolutionProperties) = preSolution
		HideSolutionNode = FALSE
	EndGlobalSection
	GlobalSection(ExtensibilityGlobals) = postSolution
		SolutionGuid = {F4D5AEF1-9823-4236-BC80-D178A0081703}
	EndGlobalSection
EndGlobal
