
Microsoft Visual Studio Solution File, Format Version 12.00
# Visual Studio 15
VisualStudioVersion = 15.0.28307.645
MinimumVisualStudioVersion = 10.0.40219.1
Project("{9A19103F-16F7-4668-BE54-9A1E7A4F7556}") = "Finalaplication", "Finalaplication\Finalaplication.csproj", "{B5CCFDFC-F3A4-4730-BBB3-3CA9B0896679}"
EndProject
Project("{FAE04EC0-301F-11D3-BF4B-00C04F79EFBC}") = "ContractPrinter", "wpfapp\wpfapp\wpfapp\ContractPrinter.csproj", "{92A4EB40-99C9-48C0-85F2-8C327CD04319}"
EndProject
Project("{FAE04EC0-301F-11D3-BF4B-00C04F79EFBC}") = "CSVExporter", "CSVExporter\CSVExporter.csproj", "{E4BFD6B6-1086-4546-A5F0-5C6BD8FF61AC}"
EndProject
Global
	GlobalSection(SolutionConfigurationPlatforms) = preSolution
		Debug|Any CPU = Debug|Any CPU
		Release|Any CPU = Release|Any CPU
	EndGlobalSection
	GlobalSection(ProjectConfigurationPlatforms) = postSolution
		{B5CCFDFC-F3A4-4730-BBB3-3CA9B0896679}.Debug|Any CPU.ActiveCfg = Debug|Any CPU
		{B5CCFDFC-F3A4-4730-BBB3-3CA9B0896679}.Debug|Any CPU.Build.0 = Debug|Any CPU
		{B5CCFDFC-F3A4-4730-BBB3-3CA9B0896679}.Release|Any CPU.ActiveCfg = Release|Any CPU
		{B5CCFDFC-F3A4-4730-BBB3-3CA9B0896679}.Release|Any CPU.Build.0 = Release|Any CPU
		{92A4EB40-99C9-48C0-85F2-8C327CD04319}.Debug|Any CPU.ActiveCfg = Debug|Any CPU
		{92A4EB40-99C9-48C0-85F2-8C327CD04319}.Debug|Any CPU.Build.0 = Debug|Any CPU
		{92A4EB40-99C9-48C0-85F2-8C327CD04319}.Release|Any CPU.ActiveCfg = Release|Any CPU
		{92A4EB40-99C9-48C0-85F2-8C327CD04319}.Release|Any CPU.Build.0 = Release|Any CPU
		{E4BFD6B6-1086-4546-A5F0-5C6BD8FF61AC}.Debug|Any CPU.ActiveCfg = Debug|Any CPU
		{E4BFD6B6-1086-4546-A5F0-5C6BD8FF61AC}.Debug|Any CPU.Build.0 = Debug|Any CPU
		{E4BFD6B6-1086-4546-A5F0-5C6BD8FF61AC}.Release|Any CPU.ActiveCfg = Release|Any CPU
		{E4BFD6B6-1086-4546-A5F0-5C6BD8FF61AC}.Release|Any CPU.Build.0 = Release|Any CPU
	EndGlobalSection
	GlobalSection(SolutionProperties) = preSolution
		HideSolutionNode = FALSE
	EndGlobalSection
	GlobalSection(ExtensibilityGlobals) = postSolution
		SolutionGuid = {F4D5AEF1-9823-4236-BC80-D178A0081703}
	EndGlobalSection
EndGlobal
